
Microsoft Visual Studio Solution File, Format Version 12.00
# Visual Studio Version 17
VisualStudioVersion = 17.14.36408.4
MinimumVisualStudioVersion = 10.0.40219.1
Project("{FAE04EC0-301F-11D3-BF4B-00C04F79EFBC}") = "MES-Lite", "MES-Lite\MES-Lite.csproj", "{3BCED123-77D9-4A4B-894E-AA115E6B718B}"
EndProject
Project("{FAE04EC0-301F-11D3-BF4B-00C04F79EFBC}") = "MES-Lite.Web", "MES-Lite.Web\MES-Lite.Web.csproj", "{EFB9DC16-C760-7EC6-4DFC-B650B2C00037}"
EndProject
Global
	GlobalSection(SolutionConfigurationPlatforms) = preSolution
		Debug|Any CPU = Debug|Any CPU
		Release|Any CPU = Release|Any CPU
	EndGlobalSection
	GlobalSection(ProjectConfigurationPlatforms) = postSolution
		{3BCED123-77D9-4A4B-894E-AA115E6B718B}.Debug|Any CPU.ActiveCfg = Debug|Any CPU
		{3BCED123-77D9-4A4B-894E-AA115E6B718B}.Debug|Any CPU.Build.0 = Debug|Any CPU
		{3BCED123-77D9-4A4B-894E-AA115E6B718B}.Release|Any CPU.ActiveCfg = Release|Any CPU
		{3BCED123-77D9-4A4B-894E-AA115E6B718B}.Release|Any CPU.Build.0 = Release|Any CPU
		{EFB9DC16-C760-7EC6-4DFC-B650B2C00037}.Debug|Any CPU.ActiveCfg = Debug|Any CPU
		{EFB9DC16-C760-7EC6-4DFC-B650B2C00037}.Debug|Any CPU.Build.0 = Debug|Any CPU
		{EFB9DC16-C760-7EC6-4DFC-B650B2C00037}.Release|Any CPU.ActiveCfg = Release|Any CPU
		{EFB9DC16-C760-7EC6-4DFC-B650B2C00037}.Release|Any CPU.Build.0 = Release|Any CPU
	EndGlobalSection
	GlobalSection(SolutionProperties) = preSolution
		HideSolutionNode = FALSE
	EndGlobalSection
	GlobalSection(ExtensibilityGlobals) = postSolution
		SolutionGuid = {4302F18E-25BD-489A-9CB2-BA6A50DA4D7D}
	EndGlobalSection
EndGlobal
